
Microsoft Visual Studio Solution File, Format Version 12.00
# Visual Studio Version 16
VisualStudioVersion = 16.0.31729.503
MinimumVisualStudioVersion = 10.0.40219.1
Project("{FAE04EC0-301F-11D3-BF4B-00C04F79EFBC}") = "LKS_Perpustakaan", "LKS_Perpustakaan\LKS_Perpustakaan.csproj", "{C11BD24F-0472-41D7-82D9-005EBD175291}"
EndProject
Global
	GlobalSection(SolutionConfigurationPlatforms) = preSolution
		Debug|Any CPU = Debug|Any CPU
		Release|Any CPU = Release|Any CPU
	EndGlobalSection
	GlobalSection(ProjectConfigurationPlatforms) = postSolution
		{C11BD24F-0472-41D7-82D9-005EBD175291}.Debug|Any CPU.ActiveCfg = Debug|Any CPU
		{C11BD24F-0472-41D7-82D9-005EBD175291}.Debug|Any CPU.Build.0 = Debug|Any CPU
		{C11BD24F-0472-41D7-82D9-005EBD175291}.Release|Any CPU.ActiveCfg = Release|Any CPU
		{C11BD24F-0472-41D7-82D9-005EBD175291}.Release|Any CPU.Build.0 = Release|Any CPU
	EndGlobalSection
	GlobalSection(SolutionProperties) = preSolution
		HideSolutionNode = FALSE
	EndGlobalSection
	GlobalSection(ExtensibilityGlobals) = postSolution
		SolutionGuid = {F819D4C8-22DA-45CD-BF5D-FB31BFF8D3A6}
	EndGlobalSection
EndGlobal
